
Microsoft Visual Studio Solution File, Format Version 12.00
# Visual Studio Version 17
VisualStudioVersion = 17.10.35122.118
MinimumVisualStudioVersion = 10.0.40219.1
Project("{FAE04EC0-301F-11D3-BF4B-00C04F79EFBC}") = "comboboxdrop", "comboboxdrop\comboboxdrop.csproj", "{C6F40D07-B137-44D7-A1F3-1524E72772BC}"
EndProject
Global
	GlobalSection(SolutionConfigurationPlatforms) = preSolution
		Debug|Any CPU = Debug|Any CPU
		Release|Any CPU = Release|Any CPU
	EndGlobalSection
	GlobalSection(ProjectConfigurationPlatforms) = postSolution
		{C6F40D07-B137-44D7-A1F3-1524E72772BC}.Debug|Any CPU.ActiveCfg = Debug|Any CPU
		{C6F40D07-B137-44D7-A1F3-1524E72772BC}.Debug|Any CPU.Build.0 = Debug|Any CPU
		{C6F40D07-B137-44D7-A1F3-1524E72772BC}.Release|Any CPU.ActiveCfg = Release|Any CPU
		{C6F40D07-B137-44D7-A1F3-1524E72772BC}.Release|Any CPU.Build.0 = Release|Any CPU
	EndGlobalSection
	GlobalSection(SolutionProperties) = preSolution
		HideSolutionNode = FALSE
	EndGlobalSection
	GlobalSection(ExtensibilityGlobals) = postSolution
		SolutionGuid = {D47698AA-0454-4ECF-B056-AE1FA03B3C2D}
	EndGlobalSection
EndGlobal
